{
  "nodes": {
    "nixpkgs": {
      "locked": {
        "lastModified": 1770770419,
        "narHash": "sha256-VT7O9+S7+106Q+x+zdq8lKvAV2K28nJh5BmflMcE4SQ=",
        "rev": "6c5e707c6b5339359a9a9e215c5e66d6d802fd7a",
        "type": "tarball",
        "url": "https://releases.nixos.org/nixos/25.11/nixos-25.11.5776.6c5e707c6b53/nixexprs.tar.xz?lastModified=1770770419&rev=6c5e707c6b5339359a9a9e215c5e66d6d802fd7a"
      },
      "original": {
        "type": "tarball",
        "url": "https://channels.nixos.org/nixos-25.11/nixexprs.tar.xz"
      }
    },
    "nixpkgs-unstable": {
      "locked": {
        "lastModified": 1770843696,
        "narHash": "sha256-9SFCZkVcpDOV6unH5hVEy4+dB0rxMuUoBnDAO6vshac=",
        "rev": "2343bbb58f99267223bc2aac4fc9ea301a155a16",
        "type": "tarball",
        "url": "https://releases.nixos.org/nixpkgs/nixpkgs-26.05pre944764.2343bbb58f99/nixexprs.tar.xz?lastModified=1770843696&rev=2343bbb58f99267223bc2aac4fc9ea301a155a16"
      },
      "original": {
        "type": "tarball",
        "url": "https://channels.nixos.org/nixpkgs-unstable/nixexprs.tar.xz"
      }
    },
    "root": {
      "inputs": {
        "nixpkgs": "nixpkgs",
        "nixpkgs-unstable": "nixpkgs-unstable",
        "sops-nix": "sops-nix"
      }
    },
    "sops-nix": {
      "inputs": {
        "nixpkgs": [
          "nixpkgs-unstable"
        ]
      },
      "locked": {
        "lastModified": 1770683991,
        "narHash": "sha256-xVfPvXDf9QN3Eh9dV+Lw6IkWG42KSuQ1u2260HKvpnc=",
        "owner": "Mic92",
        "repo": "sops-nix",
        "rev": "8b89f44c2cc4581e402111d928869fe7ba9f7033",
        "type": "github"
      },
      "original": {
        "owner": "Mic92",
        "repo": "sops-nix",
        "type": "github"
      }
    }
  },
  "root": "root",
  "version": 7
}
